// !$*UTF8*$!
{
	archiveVersion = 1;
	classes = {
	};
	objectVersion = 50;
	objects = {

/* Begin PBXBuildFile section */
		30070D390258DE76D7C2CA9B /* Pods_ClickPay.framework in Frameworks */ = {isa = PBXBuildFile; fileRef = 93E2E529ED7B1A4EDADA3FAE /* Pods_ClickPay.framework */; };
		8D0325D721E4F175001B6979 /* UIColor+AppColors.swift in Sources */ = {isa = PBXBuildFile; fileRef = 8D0325D621E4F175001B6979 /* UIColor+AppColors.swift */; };
		8D0325D921E5118F001B6979 /* UIViewController+PopUps.swift in Sources */ = {isa = PBXBuildFile; fileRef = 8D0325D821E5118F001B6979 /* UIViewController+PopUps.swift */; };
		8D13BCFC21F07AE30078EB66 /* Auth.swift in Sources */ = {isa = PBXBuildFile; fileRef = 8D13BCFB21F07AE30078EB66 /* Auth.swift */; };
		8D13BCFE21F07B190078EB66 /* BaseController.swift in Sources */ = {isa = PBXBuildFile; fileRef = 8D13BCFD21F07B190078EB66 /* BaseController.swift */; };
		8D13BD0021F095330078EB66 /* EditFieldsLogic.swift in Sources */ = {isa = PBXBuildFile; fileRef = 8D13BCFF21F095330078EB66 /* EditFieldsLogic.swift */; };
		8D13BD0221F0D65B0078EB66 /* MenuRouter.swift in Sources */ = {isa = PBXBuildFile; fileRef = 8D13BD0121F0D65B0078EB66 /* MenuRouter.swift */; };
		8D13BD0421F0DB540078EB66 /* MenuPresenter.swift in Sources */ = {isa = PBXBuildFile; fileRef = 8D13BD0321F0DB540078EB66 /* MenuPresenter.swift */; };
		8D13BD0921F0E3610078EB66 /* MessagesController.swift in Sources */ = {isa = PBXBuildFile; fileRef = 8D13BD0721F0E3610078EB66 /* MessagesController.swift */; };
		8D13BD0A21F0E3610078EB66 /* MessagesController.xib in Resources */ = {isa = PBXBuildFile; fileRef = 8D13BD0821F0E3610078EB66 /* MessagesController.xib */; };
		8D13BD0E21F0F1B60078EB66 /* AboutController.swift in Sources */ = {isa = PBXBuildFile; fileRef = 8D13BD0C21F0F1B60078EB66 /* AboutController.swift */; };
		8D13BD0F21F0F1B60078EB66 /* AboutController.xib in Resources */ = {isa = PBXBuildFile; fileRef = 8D13BD0D21F0F1B60078EB66 /* AboutController.xib */; };
		8D13BD1321F1BF3A0078EB66 /* CardsController.swift in Sources */ = {isa = PBXBuildFile; fileRef = 8D13BD1121F1BF3A0078EB66 /* CardsController.swift */; };
		8D13BD1421F1BF3A0078EB66 /* CardsController.xib in Resources */ = {isa = PBXBuildFile; fileRef = 8D13BD1221F1BF3A0078EB66 /* CardsController.xib */; };
		8D13BD1821F1C0820078EB66 /* SecurityController.swift in Sources */ = {isa = PBXBuildFile; fileRef = 8D13BD1621F1C0820078EB66 /* SecurityController.swift */; };
		8D13BD1921F1C0820078EB66 /* SecurityController.xib in Resources */ = {isa = PBXBuildFile; fileRef = 8D13BD1721F1C0820078EB66 /* SecurityController.xib */; };
		8D13BD1D21F1C1C30078EB66 /* ContactController.swift in Sources */ = {isa = PBXBuildFile; fileRef = 8D13BD1B21F1C1C30078EB66 /* ContactController.swift */; };
		8D13BD1E21F1C1C30078EB66 /* ContactController.xib in Resources */ = {isa = PBXBuildFile; fileRef = 8D13BD1C21F1C1C30078EB66 /* ContactController.xib */; };
		8D13BD2221F1E6D40078EB66 /* SettingsController.swift in Sources */ = {isa = PBXBuildFile; fileRef = 8D13BD2021F1E6D40078EB66 /* SettingsController.swift */; };
		8D13BD2321F1E6D40078EB66 /* SettingsController.xib in Resources */ = {isa = PBXBuildFile; fileRef = 8D13BD2121F1E6D40078EB66 /* SettingsController.xib */; };
		8D2D7ED621EBBCA200B5E34A /* RegisterField.swift in Sources */ = {isa = PBXBuildFile; fileRef = 8D2D7ED521EBBCA200B5E34A /* RegisterField.swift */; };
		8D3CC7C0222C58DD00DD2DCB /* UIViewController+KeyBoard.swift in Sources */ = {isa = PBXBuildFile; fileRef = 8D3CC7BF222C58DD00DD2DCB /* UIViewController+KeyBoard.swift */; };
		8D3CC7C2222C634600DD2DCB /* FormController.swift in Sources */ = {isa = PBXBuildFile; fileRef = 8D3CC7C1222C634600DD2DCB /* FormController.swift */; };
		8D3E281921EB84E2007C7144 /* MenuViewCell.swift in Sources */ = {isa = PBXBuildFile; fileRef = 8D3E281721EB84E2007C7144 /* MenuViewCell.swift */; };
		8D3E281A21EB84E2007C7144 /* MenuViewCell.xib in Resources */ = {isa = PBXBuildFile; fileRef = 8D3E281821EB84E2007C7144 /* MenuViewCell.xib */; };
		8D419A8A21EF5910007FC3CD /* UIViewController+NabBar.swift in Sources */ = {isa = PBXBuildFile; fileRef = 8D419A8921EF5910007FC3CD /* UIViewController+NabBar.swift */; };
		8D419A8C21EF617C007FC3CD /* UserNitificationsView.swift in Sources */ = {isa = PBXBuildFile; fileRef = 8D419A8B21EF617C007FC3CD /* UserNitificationsView.swift */; };
		8D426E4D220DBB2900039FAA /* UINavigationBar+Gradient.swift in Sources */ = {isa = PBXBuildFile; fileRef = 8D426E4C220DBB2900039FAA /* UINavigationBar+Gradient.swift */; };
		8D48C34B21ED8FFB00D0E097 /* LoginTextFields.swift in Sources */ = {isa = PBXBuildFile; fileRef = 8D48C34A21ED8FFB00D0E097 /* LoginTextFields.swift */; };
		8D48C34D21EDD03D00D0E097 /* FormButton.swift in Sources */ = {isa = PBXBuildFile; fileRef = 8D48C34C21EDD03D00D0E097 /* FormButton.swift */; };
		8D48C34F21EE098E00D0E097 /* RegisterFieldsLogic.swift in Sources */ = {isa = PBXBuildFile; fileRef = 8D48C34E21EE098E00D0E097 /* RegisterFieldsLogic.swift */; };
		8D48C35321EE487F00D0E097 /* CapchaLabel.swift in Sources */ = {isa = PBXBuildFile; fileRef = 8D48C35221EE487F00D0E097 /* CapchaLabel.swift */; };
		8D61659621D68B9400101F22 /* Constants.swift in Sources */ = {isa = PBXBuildFile; fileRef = 8D61659521D68B9400101F22 /* Constants.swift */; };
		8D61659921D6A64B00101F22 /* UIView+Corners.swift in Sources */ = {isa = PBXBuildFile; fileRef = 8D61659821D6A64B00101F22 /* UIView+Corners.swift */; };
		8D61659B21D6A6AD00101F22 /* CardView.swift in Sources */ = {isa = PBXBuildFile; fileRef = 8D61659A21D6A6AD00101F22 /* CardView.swift */; };
		8D61659D21D6B35F00101F22 /* MakeTransferCell.swift in Sources */ = {isa = PBXBuildFile; fileRef = 8D61659C21D6B35F00101F22 /* MakeTransferCell.swift */; };
		8D6E32F121DCA6F200D5CFC7 /* UIViewController+SSL.swift in Sources */ = {isa = PBXBuildFile; fileRef = 8D6E32F021DCA6F200D5CFC7 /* UIViewController+SSL.swift */; };
		8D6E32F621DD3FFD00D5CFC7 /* Parsing.swift in Sources */ = {isa = PBXBuildFile; fileRef = 8D6E32F521DD3FFD00D5CFC7 /* Parsing.swift */; };
		8D6E32F821DD401A00D5CFC7 /* GetIp.swift in Sources */ = {isa = PBXBuildFile; fileRef = 8D6E32F721DD401A00D5CFC7 /* GetIp.swift */; };
		8D7164FB220475B90052A710 /* PopupController.swift in Sources */ = {isa = PBXBuildFile; fileRef = 8D7164F9220475B90052A710 /* PopupController.swift */; };
		8D7164FC220475B90052A710 /* PopupController.xib in Resources */ = {isa = PBXBuildFile; fileRef = 8D7164FA220475B90052A710 /* PopupController.xib */; };
		8D7164FF2204AC8C0052A710 /* PopupButton.swift in Sources */ = {isa = PBXBuildFile; fileRef = 8D7164FE2204AC8C0052A710 /* PopupButton.swift */; };
		8D7772B721E5BF2C00032FE9 /* UIImageView+Rounded.swift in Sources */ = {isa = PBXBuildFile; fileRef = 8D7772B621E5BF2C00032FE9 /* UIImageView+Rounded.swift */; };
		8D87B3F521D7982F00F2FCFD /* TransferController.swift in Sources */ = {isa = PBXBuildFile; fileRef = 8D87B3F321D7982F00F2FCFD /* TransferController.swift */; };
		8D87B3F621D7982F00F2FCFD /* TransferController.xib in Resources */ = {isa = PBXBuildFile; fileRef = 8D87B3F421D7982F00F2FCFD /* TransferController.xib */; };
		8D87B3F921D799E500F2FCFD /* MainPresenter.swift in Sources */ = {isa = PBXBuildFile; fileRef = 8D87B3F821D799E500F2FCFD /* MainPresenter.swift */; };
		8D87B3FB21D79AA200F2FCFD /* MainInteractor.swift in Sources */ = {isa = PBXBuildFile; fileRef = 8D87B3FA21D79AA200F2FCFD /* MainInteractor.swift */; };
		8D87B3FD21D79B2000F2FCFD /* MainRouter.swift in Sources */ = {isa = PBXBuildFile; fileRef = 8D87B3FC21D79B2000F2FCFD /* MainRouter.swift */; };
		8D87B40421DB7AAB00F2FCFD /* LoginController.swift in Sources */ = {isa = PBXBuildFile; fileRef = 8D87B40221DB7AAB00F2FCFD /* LoginController.swift */; };
		8D87B40521DB7AAB00F2FCFD /* LoginController.xib in Resources */ = {isa = PBXBuildFile; fileRef = 8D87B40321DB7AAB00F2FCFD /* LoginController.xib */; };
		8D87B40921DB871700F2FCFD /* UITextField+Icon.swift in Sources */ = {isa = PBXBuildFile; fileRef = 8D87B40821DB871700F2FCFD /* UITextField+Icon.swift */; };
		8D87B40E21DBAF6200F2FCFD /* RegisterController.swift in Sources */ = {isa = PBXBuildFile; fileRef = 8D87B40C21DBAF6200F2FCFD /* RegisterController.swift */; };
		8D87B40F21DBAF6200F2FCFD /* RegisterController.xib in Resources */ = {isa = PBXBuildFile; fileRef = 8D87B40D21DBAF6200F2FCFD /* RegisterController.xib */; };
		8D87B41321DBB2C800F2FCFD /* LoginRouter.swift in Sources */ = {isa = PBXBuildFile; fileRef = 8D87B41221DBB2C800F2FCFD /* LoginRouter.swift */; };
		8D87B41521DBB2F200F2FCFD /* LoginPresenter.swift in Sources */ = {isa = PBXBuildFile; fileRef = 8D87B41421DBB2F200F2FCFD /* LoginPresenter.swift */; };
		8D87B41721DBCAE800F2FCFD /* GradientViewController.swift in Sources */ = {isa = PBXBuildFile; fileRef = 8D87B41621DBCAE800F2FCFD /* GradientViewController.swift */; };
		8D8B2DDF21DFBE0A007B6F13 /* YourCabinetRouter.swift in Sources */ = {isa = PBXBuildFile; fileRef = 8D8B2DDE21DFBE0A007B6F13 /* YourCabinetRouter.swift */; };
		8D8B2DE121DFBE2C007B6F13 /* YourCabinetPresenter.swift in Sources */ = {isa = PBXBuildFile; fileRef = 8D8B2DE021DFBE2C007B6F13 /* YourCabinetPresenter.swift */; };
		8D8B2DE321DFCF0B007B6F13 /* String+Localized.swift in Sources */ = {isa = PBXBuildFile; fileRef = 8D8B2DE221DFCF0B007B6F13 /* String+Localized.swift */; };
		8D8B2DE521DFD28A007B6F13 /* HandleRequest.swift in Sources */ = {isa = PBXBuildFile; fileRef = 8D8B2DE421DFD28A007B6F13 /* HandleRequest.swift */; };
		8D8D51B121ECBAEB009EF6F3 /* UITextField+Placeholder.swift in Sources */ = {isa = PBXBuildFile; fileRef = 8D8D51B021ECBAEB009EF6F3 /* UITextField+Placeholder.swift */; };
		8D91B1E321D368C400CAC478 /* AppDelegate.swift in Sources */ = {isa = PBXBuildFile; fileRef = 8D91B1E221D368C400CAC478 /* AppDelegate.swift */; };
		8D91B1E521D368C400CAC478 /* MainController.swift in Sources */ = {isa = PBXBuildFile; fileRef = 8D91B1E421D368C400CAC478 /* MainController.swift */; };
		8D91B1E721D368C400CAC478 /* YourCabinetController.swift in Sources */ = {isa = PBXBuildFile; fileRef = 8D91B1E621D368C400CAC478 /* YourCabinetController.swift */; };
		8D91B1EA21D368C400CAC478 /* Main.storyboard in Resources */ = {isa = PBXBuildFile; fileRef = 8D91B1E821D368C400CAC478 /* Main.storyboard */; };
		8D91B1EC21D368C700CAC478 /* Assets.xcassets in Resources */ = {isa = PBXBuildFile; fileRef = 8D91B1EB21D368C700CAC478 /* Assets.xcassets */; };
		8D91B1EF21D368C700CAC478 /* LaunchScreen.storyboard in Resources */ = {isa = PBXBuildFile; fileRef = 8D91B1ED21D368C700CAC478 /* LaunchScreen.storyboard */; };
		8D92F3F321E9EB3E00360E22 /* MenuController.swift in Sources */ = {isa = PBXBuildFile; fileRef = 8D92F3F121E9EB3E00360E22 /* MenuController.swift */; };
		8D92F3F421E9EB3E00360E22 /* MenuController.xib in Resources */ = {isa = PBXBuildFile; fileRef = 8D92F3F221E9EB3E00360E22 /* MenuController.xib */; };
		8D9C7D5C21E661DD00B42B92 /* HistoryController.swift in Sources */ = {isa = PBXBuildFile; fileRef = 8D9C7D5B21E661DD00B42B92 /* HistoryController.swift */; };
		8D9C7D5F21E665C600B42B92 /* HistoryCell.swift in Sources */ = {isa = PBXBuildFile; fileRef = 8D9C7D5D21E665C600B42B92 /* HistoryCell.swift */; };
		8D9C7D6021E665C600B42B92 /* HistoryCell.xib in Resources */ = {isa = PBXBuildFile; fileRef = 8D9C7D5E21E665C600B42B92 /* HistoryCell.xib */; };
		8D9C7D6321E6669300B42B92 /* HistoryHeader.swift in Sources */ = {isa = PBXBuildFile; fileRef = 8D9C7D6121E6669300B42B92 /* HistoryHeader.swift */; };
		8D9C7D6421E6669300B42B92 /* HistoryHeader.xib in Resources */ = {isa = PBXBuildFile; fileRef = 8D9C7D6221E6669300B42B92 /* HistoryHeader.xib */; };
		8D9C7D6621E7AF0400B42B92 /* TabBarPresenter.swift in Sources */ = {isa = PBXBuildFile; fileRef = 8D9C7D6521E7AF0400B42B92 /* TabBarPresenter.swift */; };
		8D9C7D6821E7AF2200B42B92 /* TabBarRouter.swift in Sources */ = {isa = PBXBuildFile; fileRef = 8D9C7D6721E7AF2200B42B92 /* TabBarRouter.swift */; };
		8D9C7D6A21E7E25600B42B92 /* RegisterRouter.swift in Sources */ = {isa = PBXBuildFile; fileRef = 8D9C7D6921E7E25600B42B92 /* RegisterRouter.swift */; };
		8D9C7D6C21E7E27300B42B92 /* RegisterPresenter.swift in Sources */ = {isa = PBXBuildFile; fileRef = 8D9C7D6B21E7E27300B42B92 /* RegisterPresenter.swift */; };
		8DA83146221141AE0016BB0F /* VideoCell.swift in Sources */ = {isa = PBXBuildFile; fileRef = 8DA83144221141AE0016BB0F /* VideoCell.swift */; };
		8DA83147221141AE0016BB0F /* VideoCell.xib in Resources */ = {isa = PBXBuildFile; fileRef = 8DA83145221141AE0016BB0F /* VideoCell.xib */; };
		8DAE8DDD21E1134000091421 /* String+Format.swift in Sources */ = {isa = PBXBuildFile; fileRef = 8DAE8DDC21E1134000091421 /* String+Format.swift */; };
		8DCF587A2210A37C00ADF218 /* GradientView.swift in Sources */ = {isa = PBXBuildFile; fileRef = 8DCF58792210A37C00ADF218 /* GradientView.swift */; };
		8DE84C8221D52AC000E4B18E /* Localizable.strings in Resources */ = {isa = PBXBuildFile; fileRef = 8DE84C8421D52AC000E4B18E /* Localizable.strings */; };
		8DE84C8F21D5355D00E4B18E /* TabBarController.swift in Sources */ = {isa = PBXBuildFile; fileRef = 8DE84C8E21D5355D00E4B18E /* TabBarController.swift */; };
		8DE84C9121D5542300E4B18E /* TabBar.swift in Sources */ = {isa = PBXBuildFile; fileRef = 8DE84C9021D5542300E4B18E /* TabBar.swift */; };
		8DEE6D5721F838590039B1B0 /* Soap.swift in Sources */ = {isa = PBXBuildFile; fileRef = 8DEE6D5621F838590039B1B0 /* Soap.swift */; };
		8DEE6D5B21F8390A0039B1B0 /* RootResponseModel.swift in Sources */ = {isa = PBXBuildFile; fileRef = 8DEE6D5A21F8390A0039B1B0 /* RootResponseModel.swift */; };
		8DEE6D5D21F839CB0039B1B0 /* Response.swift in Sources */ = {isa = PBXBuildFile; fileRef = 8DEE6D5C21F839CB0039B1B0 /* Response.swift */; };
		8DEE6D5F21F83B240039B1B0 /* Forms.swift in Sources */ = {isa = PBXBuildFile; fileRef = 8DEE6D5E21F83B240039B1B0 /* Forms.swift */; };
		8DEE6D6121F8524D0039B1B0 /* TransferRouter.swift in Sources */ = {isa = PBXBuildFile; fileRef = 8DEE6D6021F8524D0039B1B0 /* TransferRouter.swift */; };
		8DEE6D6321F8526F0039B1B0 /* TransferPresenter.swift in Sources */ = {isa = PBXBuildFile; fileRef = 8DEE6D6221F8526F0039B1B0 /* TransferPresenter.swift */; };
		8DEE6D6521F852AB0039B1B0 /* TransferInteractor.swift in Sources */ = {isa = PBXBuildFile; fileRef = 8DEE6D6421F852AB0039B1B0 /* TransferInteractor.swift */; };
		8DEE6D6721F863150039B1B0 /* Request.swift in Sources */ = {isa = PBXBuildFile; fileRef = 8DEE6D6621F863150039B1B0 /* Request.swift */; };
		8DEE6D6921F8686B0039B1B0 /* SoapManager.swift in Sources */ = {isa = PBXBuildFile; fileRef = 8DEE6D6821F8686B0039B1B0 /* SoapManager.swift */; };
/* End PBXBuildFile section */

/* Begin PBXFileReference section */
		24587ABFDD384D50ADD8BB7D /* Pods-ClickPay.release.xcconfig */ = {isa = PBXFileReference; includeInIndex = 1; lastKnownFileType = text.xcconfig; name = "Pods-ClickPay.release.xcconfig"; path = "Pods/Target Support Files/Pods-ClickPay/Pods-ClickPay.release.xcconfig"; sourceTree = "<group>"; };
		7C56882969EF93850153F05A /* Pods-ClickPay.debug.xcconfig */ = {isa = PBXFileReference; includeInIndex = 1; lastKnownFileType = text.xcconfig; name = "Pods-ClickPay.debug.xcconfig"; path = "Pods/Target Support Files/Pods-ClickPay/Pods-ClickPay.debug.xcconfig"; sourceTree = "<group>"; };
		8D0325D621E4F175001B6979 /* UIColor+AppColors.swift */ = {isa = PBXFileReference; lastKnownFileType = sourcecode.swift; path = "UIColor+AppColors.swift"; sourceTree = "<group>"; };
		8D0325D821E5118F001B6979 /* UIViewController+PopUps.swift */ = {isa = PBXFileReference; lastKnownFileType = sourcecode.swift; path = "UIViewController+PopUps.swift"; sourceTree = "<group>"; };
		8D13BCFB21F07AE30078EB66 /* Auth.swift */ = {isa = PBXFileReference; lastKnownFileType = sourcecode.swift; path = Auth.swift; sourceTree = "<group>"; };
		8D13BCFD21F07B190078EB66 /* BaseController.swift */ = {isa = PBXFileReference; lastKnownFileType = sourcecode.swift; path = BaseController.swift; sourceTree = "<group>"; };
		8D13BCFF21F095330078EB66 /* EditFieldsLogic.swift */ = {isa = PBXFileReference; lastKnownFileType = sourcecode.swift; path = EditFieldsLogic.swift; sourceTree = "<group>"; };
		8D13BD0121F0D65B0078EB66 /* MenuRouter.swift */ = {isa = PBXFileReference; lastKnownFileType = sourcecode.swift; path = MenuRouter.swift; sourceTree = "<group>"; };
		8D13BD0321F0DB540078EB66 /* MenuPresenter.swift */ = {isa = PBXFileReference; lastKnownFileType = sourcecode.swift; path = MenuPresenter.swift; sourceTree = "<group>"; };
		8D13BD0721F0E3610078EB66 /* MessagesController.swift */ = {isa = PBXFileReference; lastKnownFileType = sourcecode.swift; path = MessagesController.swift; sourceTree = "<group>"; };
		8D13BD0821F0E3610078EB66 /* MessagesController.xib */ = {isa = PBXFileReference; lastKnownFileType = file.xib; path = MessagesController.xib; sourceTree = "<group>"; };
		8D13BD0C21F0F1B60078EB66 /* AboutController.swift */ = {isa = PBXFileReference; lastKnownFileType = sourcecode.swift; path = AboutController.swift; sourceTree = "<group>"; };
		8D13BD0D21F0F1B60078EB66 /* AboutController.xib */ = {isa = PBXFileReference; lastKnownFileType = file.xib; path = AboutController.xib; sourceTree = "<group>"; };
		8D13BD1121F1BF3A0078EB66 /* CardsController.swift */ = {isa = PBXFileReference; lastKnownFileType = sourcecode.swift; path = CardsController.swift; sourceTree = "<group>"; };
		8D13BD1221F1BF3A0078EB66 /* CardsController.xib */ = {isa = PBXFileReference; lastKnownFileType = file.xib; path = CardsController.xib; sourceTree = "<group>"; };
		8D13BD1621F1C0820078EB66 /* SecurityController.swift */ = {isa = PBXFileReference; lastKnownFileType = sourcecode.swift; path = SecurityController.swift; sourceTree = "<group>"; };
		8D13BD1721F1C0820078EB66 /* SecurityController.xib */ = {isa = PBXFileReference; lastKnownFileType = file.xib; path = SecurityController.xib; sourceTree = "<group>"; };
		8D13BD1B21F1C1C30078EB66 /* ContactController.swift */ = {isa = PBXFileReference; lastKnownFileType = sourcecode.swift; path = ContactController.swift; sourceTree = "<group>"; };
		8D13BD1C21F1C1C30078EB66 /* ContactController.xib */ = {isa = PBXFileReference; lastKnownFileType = file.xib; path = ContactController.xib; sourceTree = "<group>"; };
		8D13BD2021F1E6D40078EB66 /* SettingsController.swift */ = {isa = PBXFileReference; lastKnownFileType = sourcecode.swift; path = SettingsController.swift; sourceTree = "<group>"; };
		8D13BD2121F1E6D40078EB66 /* SettingsController.xib */ = {isa = PBXFileReference; lastKnownFileType = file.xib; path = SettingsController.xib; sourceTree = "<group>"; };
		8D2D7ED521EBBCA200B5E34A /* RegisterField.swift */ = {isa = PBXFileReference; lastKnownFileType = sourcecode.swift; path = RegisterField.swift; sourceTree = "<group>"; };
		8D3CC7BF222C58DD00DD2DCB /* UIViewController+KeyBoard.swift */ = {isa = PBXFileReference; lastKnownFileType = sourcecode.swift; path = "UIViewController+KeyBoard.swift"; sourceTree = "<group>"; };
		8D3CC7C1222C634600DD2DCB /* FormController.swift */ = {isa = PBXFileReference; lastKnownFileType = sourcecode.swift; path = FormController.swift; sourceTree = "<group>"; };
		8D3E281721EB84E2007C7144 /* MenuViewCell.swift */ = {isa = PBXFileReference; lastKnownFileType = sourcecode.swift; path = MenuViewCell.swift; sourceTree = "<group>"; };
		8D3E281821EB84E2007C7144 /* MenuViewCell.xib */ = {isa = PBXFileReference; lastKnownFileType = file.xib; path = MenuViewCell.xib; sourceTree = "<group>"; };
		8D419A8921EF5910007FC3CD /* UIViewController+NabBar.swift */ = {isa = PBXFileReference; lastKnownFileType = sourcecode.swift; path = "UIViewController+NabBar.swift"; sourceTree = "<group>"; };
		8D419A8B21EF617C007FC3CD /* UserNitificationsView.swift */ = {isa = PBXFileReference; lastKnownFileType = sourcecode.swift; path = UserNitificationsView.swift; sourceTree = "<group>"; };
		8D426E4C220DBB2900039FAA /* UINavigationBar+Gradient.swift */ = {isa = PBXFileReference; lastKnownFileType = sourcecode.swift; path = "UINavigationBar+Gradient.swift"; sourceTree = "<group>"; };
		8D48C34A21ED8FFB00D0E097 /* LoginTextFields.swift */ = {isa = PBXFileReference; lastKnownFileType = sourcecode.swift; path = LoginTextFields.swift; sourceTree = "<group>"; };
		8D48C34C21EDD03D00D0E097 /* FormButton.swift */ = {isa = PBXFileReference; lastKnownFileType = sourcecode.swift; path = FormButton.swift; sourceTree = "<group>"; };
		8D48C34E21EE098E00D0E097 /* RegisterFieldsLogic.swift */ = {isa = PBXFileReference; lastKnownFileType = sourcecode.swift; path = RegisterFieldsLogic.swift; sourceTree = "<group>"; };
		8D48C35221EE487F00D0E097 /* CapchaLabel.swift */ = {isa = PBXFileReference; lastKnownFileType = sourcecode.swift; path = CapchaLabel.swift; sourceTree = "<group>"; };
		8D61659521D68B9400101F22 /* Constants.swift */ = {isa = PBXFileReference; lastKnownFileType = sourcecode.swift; path = Constants.swift; sourceTree = "<group>"; };
		8D61659821D6A64B00101F22 /* UIView+Corners.swift */ = {isa = PBXFileReference; lastKnownFileType = sourcecode.swift; path = "UIView+Corners.swift"; sourceTree = "<group>"; };
		8D61659A21D6A6AD00101F22 /* CardView.swift */ = {isa = PBXFileReference; lastKnownFileType = sourcecode.swift; path = CardView.swift; sourceTree = "<group>"; };
		8D61659C21D6B35F00101F22 /* MakeTransferCell.swift */ = {isa = PBXFileReference; lastKnownFileType = sourcecode.swift; path = MakeTransferCell.swift; sourceTree = "<group>"; };
		8D6E32F021DCA6F200D5CFC7 /* UIViewController+SSL.swift */ = {isa = PBXFileReference; lastKnownFileType = sourcecode.swift; path = "UIViewController+SSL.swift"; sourceTree = "<group>"; };
		8D6E32F521DD3FFD00D5CFC7 /* Parsing.swift */ = {isa = PBXFileReference; lastKnownFileType = sourcecode.swift; path = Parsing.swift; sourceTree = "<group>"; };
		8D6E32F721DD401A00D5CFC7 /* GetIp.swift */ = {isa = PBXFileReference; lastKnownFileType = sourcecode.swift; path = GetIp.swift; sourceTree = "<group>"; };
		8D7164F9220475B90052A710 /* PopupController.swift */ = {isa = PBXFileReference; lastKnownFileType = sourcecode.swift; path = PopupController.swift; sourceTree = "<group>"; };
		8D7164FA220475B90052A710 /* PopupController.xib */ = {isa = PBXFileReference; lastKnownFileType = file.xib; path = PopupController.xib; sourceTree = "<group>"; };
		8D7164FE2204AC8C0052A710 /* PopupButton.swift */ = {isa = PBXFileReference; lastKnownFileType = sourcecode.swift; path = PopupButton.swift; sourceTree = "<group>"; };
		8D7772B621E5BF2C00032FE9 /* UIImageView+Rounded.swift */ = {isa = PBXFileReference; lastKnownFileType = sourcecode.swift; path = "UIImageView+Rounded.swift"; sourceTree = "<group>"; };
		8D87B3F321D7982F00F2FCFD /* TransferController.swift */ = {isa = PBXFileReference; lastKnownFileType = sourcecode.swift; path = TransferController.swift; sourceTree = "<group>"; };
		8D87B3F421D7982F00F2FCFD /* TransferController.xib */ = {isa = PBXFileReference; lastKnownFileType = file.xib; path = TransferController.xib; sourceTree = "<group>"; };
		8D87B3F821D799E500F2FCFD /* MainPresenter.swift */ = {isa = PBXFileReference; lastKnownFileType = sourcecode.swift; path = MainPresenter.swift; sourceTree = "<group>"; };
		8D87B3FA21D79AA200F2FCFD /* MainInteractor.swift */ = {isa = PBXFileReference; lastKnownFileType = sourcecode.swift; path = MainInteractor.swift; sourceTree = "<group>"; };
		8D87B3FC21D79B2000F2FCFD /* MainRouter.swift */ = {isa = PBXFileReference; lastKnownFileType = sourcecode.swift; path = MainRouter.swift; sourceTree = "<group>"; };
		8D87B40221DB7AAB00F2FCFD /* LoginController.swift */ = {isa = PBXFileReference; lastKnownFileType = sourcecode.swift; path = LoginController.swift; sourceTree = "<group>"; };
		8D87B40321DB7AAB00F2FCFD /* LoginController.xib */ = {isa = PBXFileReference; lastKnownFileType = file.xib; path = LoginController.xib; sourceTree = "<group>"; };
		8D87B40821DB871700F2FCFD /* UITextField+Icon.swift */ = {isa = PBXFileReference; lastKnownFileType = sourcecode.swift; path = "UITextField+Icon.swift"; sourceTree = "<group>"; };
		8D87B40C21DBAF6200F2FCFD /* RegisterController.swift */ = {isa = PBXFileReference; lastKnownFileType = sourcecode.swift; path = RegisterController.swift; sourceTree = "<group>"; };
		8D87B40D21DBAF6200F2FCFD /* RegisterController.xib */ = {isa = PBXFileReference; lastKnownFileType = file.xib; path = RegisterController.xib; sourceTree = "<group>"; };
		8D87B41221DBB2C800F2FCFD /* LoginRouter.swift */ = {isa = PBXFileReference; lastKnownFileType = sourcecode.swift; path = LoginRouter.swift; sourceTree = "<group>"; };
		8D87B41421DBB2F200F2FCFD /* LoginPresenter.swift */ = {isa = PBXFileReference; lastKnownFileType = sourcecode.swift; path = LoginPresenter.swift; sourceTree = "<group>"; };
		8D87B41621DBCAE800F2FCFD /* GradientViewController.swift */ = {isa = PBXFileReference; lastKnownFileType = sourcecode.swift; path = GradientViewController.swift; sourceTree = "<group>"; };
		8D8B2DDE21DFBE0A007B6F13 /* YourCabinetRouter.swift */ = {isa = PBXFileReference; lastKnownFileType = sourcecode.swift; path = YourCabinetRouter.swift; sourceTree = "<group>"; };
		8D8B2DE021DFBE2C007B6F13 /* YourCabinetPresenter.swift */ = {isa = PBXFileReference; lastKnownFileType = sourcecode.swift; path = YourCabinetPresenter.swift; sourceTree = "<group>"; };
		8D8B2DE221DFCF0B007B6F13 /* String+Localized.swift */ = {isa = PBXFileReference; lastKnownFileType = sourcecode.swift; path = "String+Localized.swift"; sourceTree = "<group>"; };
		8D8B2DE421DFD28A007B6F13 /* HandleRequest.swift */ = {isa = PBXFileReference; lastKnownFileType = sourcecode.swift; path = HandleRequest.swift; sourceTree = "<group>"; };
		8D8D51B021ECBAEB009EF6F3 /* UITextField+Placeholder.swift */ = {isa = PBXFileReference; lastKnownFileType = sourcecode.swift; path = "UITextField+Placeholder.swift"; sourceTree = "<group>"; };
		8D91B1DF21D368C400CAC478 /* ClickPay.app */ = {isa = PBXFileReference; explicitFileType = wrapper.application; includeInIndex = 0; path = ClickPay.app; sourceTree = BUILT_PRODUCTS_DIR; };
		8D91B1E221D368C400CAC478 /* AppDelegate.swift */ = {isa = PBXFileReference; lastKnownFileType = sourcecode.swift; path = AppDelegate.swift; sourceTree = "<group>"; };
		8D91B1E421D368C400CAC478 /* MainController.swift */ = {isa = PBXFileReference; lastKnownFileType = sourcecode.swift; path = MainController.swift; sourceTree = "<group>"; };
		8D91B1E621D368C400CAC478 /* YourCabinetController.swift */ = {isa = PBXFileReference; lastKnownFileType = sourcecode.swift; path = YourCabinetController.swift; sourceTree = "<group>"; };
		8D91B1E921D368C400CAC478 /* Base */ = {isa = PBXFileReference; lastKnownFileType = file.storyboard; name = Base; path = Base.lproj/Main.storyboard; sourceTree = "<group>"; };
		8D91B1EB21D368C700CAC478 /* Assets.xcassets */ = {isa = PBXFileReference; lastKnownFileType = folder.assetcatalog; path = Assets.xcassets; sourceTree = "<group>"; };
		8D91B1EE21D368C700CAC478 /* Base */ = {isa = PBXFileReference; lastKnownFileType = file.storyboard; name = Base; path = Base.lproj/LaunchScreen.storyboard; sourceTree = "<group>"; };
		8D91B1F021D368C700CAC478 /* Info.plist */ = {isa = PBXFileReference; lastKnownFileType = text.plist.xml; path = Info.plist; sourceTree = "<group>"; };
		8D92F3F121E9EB3E00360E22 /* MenuController.swift */ = {isa = PBXFileReference; lastKnownFileType = sourcecode.swift; path = MenuController.swift; sourceTree = "<group>"; };
		8D92F3F221E9EB3E00360E22 /* MenuController.xib */ = {isa = PBXFileReference; lastKnownFileType = file.xib; path = MenuController.xib; sourceTree = "<group>"; };
		8D9C7D5B21E661DD00B42B92 /* HistoryController.swift */ = {isa = PBXFileReference; lastKnownFileType = sourcecode.swift; path = HistoryController.swift; sourceTree = "<group>"; };
		8D9C7D5D21E665C600B42B92 /* HistoryCell.swift */ = {isa = PBXFileReference; lastKnownFileType = sourcecode.swift; path = HistoryCell.swift; sourceTree = "<group>"; };
		8D9C7D5E21E665C600B42B92 /* HistoryCell.xib */ = {isa = PBXFileReference; lastKnownFileType = file.xib; path = HistoryCell.xib; sourceTree = "<group>"; };
		8D9C7D6121E6669300B42B92 /* HistoryHeader.swift */ = {isa = PBXFileReference; lastKnownFileType = sourcecode.swift; path = HistoryHeader.swift; sourceTree = "<group>"; };
		8D9C7D6221E6669300B42B92 /* HistoryHeader.xib */ = {isa = PBXFileReference; lastKnownFileType = file.xib; path = HistoryHeader.xib; sourceTree = "<group>"; };
		8D9C7D6521E7AF0400B42B92 /* TabBarPresenter.swift */ = {isa = PBXFileReference; lastKnownFileType = sourcecode.swift; path = TabBarPresenter.swift; sourceTree = "<group>"; };
		8D9C7D6721E7AF2200B42B92 /* TabBarRouter.swift */ = {isa = PBXFileReference; lastKnownFileType = sourcecode.swift; path = TabBarRouter.swift; sourceTree = "<group>"; };
		8D9C7D6921E7E25600B42B92 /* RegisterRouter.swift */ = {isa = PBXFileReference; lastKnownFileType = sourcecode.swift; path = RegisterRouter.swift; sourceTree = "<group>"; };
		8D9C7D6B21E7E27300B42B92 /* RegisterPresenter.swift */ = {isa = PBXFileReference; lastKnownFileType = sourcecode.swift; path = RegisterPresenter.swift; sourceTree = "<group>"; };
		8DA83144221141AE0016BB0F /* VideoCell.swift */ = {isa = PBXFileReference; lastKnownFileType = sourcecode.swift; path = VideoCell.swift; sourceTree = "<group>"; };
		8DA83145221141AE0016BB0F /* VideoCell.xib */ = {isa = PBXFileReference; lastKnownFileType = file.xib; path = VideoCell.xib; sourceTree = "<group>"; };
		8DAE8DDC21E1134000091421 /* String+Format.swift */ = {isa = PBXFileReference; lastKnownFileType = sourcecode.swift; path = "String+Format.swift"; sourceTree = "<group>"; };
		8DCF58792210A37C00ADF218 /* GradientView.swift */ = {isa = PBXFileReference; lastKnownFileType = sourcecode.swift; path = GradientView.swift; sourceTree = "<group>"; };
		8DE84C8321D52AC000E4B18E /* en */ = {isa = PBXFileReference; lastKnownFileType = text.plist.strings; name = en; path = en.lproj/Localizable.strings; sourceTree = "<group>"; };
		8DE84C8521D5304100E4B18E /* ru */ = {isa = PBXFileReference; lastKnownFileType = text.plist.strings; name = ru; path = ru.lproj/Localizable.strings; sourceTree = "<group>"; };
		8DE84C8621D5304100E4B18E /* ru */ = {isa = PBXFileReference; lastKnownFileType = text.plist.strings; name = ru; path = ru.lproj/Main.strings; sourceTree = "<group>"; };
		8DE84C8721D5304100E4B18E /* ru */ = {isa = PBXFileReference; lastKnownFileType = text.plist.strings; name = ru; path = ru.lproj/LaunchScreen.strings; sourceTree = "<group>"; };
		8DE84C8821D5305600E4B18E /* ro */ = {isa = PBXFileReference; lastKnownFileType = text.plist.strings; name = ro; path = ro.lproj/Main.strings; sourceTree = "<group>"; };
		8DE84C8921D5305600E4B18E /* ro */ = {isa = PBXFileReference; lastKnownFileType = text.plist.strings; name = ro; path = ro.lproj/LaunchScreen.strings; sourceTree = "<group>"; };
		8DE84C8A21D5305600E4B18E /* ro */ = {isa = PBXFileReference; lastKnownFileType = text.plist.strings; name = ro; path = ro.lproj/Localizable.strings; sourceTree = "<group>"; };
		8DE84C8E21D5355D00E4B18E /* TabBarController.swift */ = {isa = PBXFileReference; lastKnownFileType = sourcecode.swift; path = TabBarController.swift; sourceTree = "<group>"; };
		8DE84C9021D5542300E4B18E /* TabBar.swift */ = {isa = PBXFileReference; lastKnownFileType = sourcecode.swift; path = TabBar.swift; sourceTree = "<group>"; };
		8DEE6D5621F838590039B1B0 /* Soap.swift */ = {isa = PBXFileReference; lastKnownFileType = sourcecode.swift; path = Soap.swift; sourceTree = "<group>"; };
		8DEE6D5A21F8390A0039B1B0 /* RootResponseModel.swift */ = {isa = PBXFileReference; lastKnownFileType = sourcecode.swift; path = RootResponseModel.swift; sourceTree = "<group>"; };
		8DEE6D5C21F839CB0039B1B0 /* Response.swift */ = {isa = PBXFileReference; lastKnownFileType = sourcecode.swift; path = Response.swift; sourceTree = "<group>"; };
		8DEE6D5E21F83B240039B1B0 /* Forms.swift */ = {isa = PBXFileReference; lastKnownFileType = sourcecode.swift; path = Forms.swift; sourceTree = "<group>"; };
		8DEE6D6021F8524D0039B1B0 /* TransferRouter.swift */ = {isa = PBXFileReference; lastKnownFileType = sourcecode.swift; path = TransferRouter.swift; sourceTree = "<group>"; };
		8DEE6D6221F8526F0039B1B0 /* TransferPresenter.swift */ = {isa = PBXFileReference; lastKnownFileType = sourcecode.swift; path = TransferPresenter.swift; sourceTree = "<group>"; };
		8DEE6D6421F852AB0039B1B0 /* TransferInteractor.swift */ = {isa = PBXFileReference; lastKnownFileType = sourcecode.swift; path = TransferInteractor.swift; sourceTree = "<group>"; };
		8DEE6D6621F863150039B1B0 /* Request.swift */ = {isa = PBXFileReference; lastKnownFileType = sourcecode.swift; path = Request.swift; sourceTree = "<group>"; };
		8DEE6D6821F8686B0039B1B0 /* SoapManager.swift */ = {isa = PBXFileReference; lastKnownFileType = sourcecode.swift; path = SoapManager.swift; sourceTree = "<group>"; };
		93E2E529ED7B1A4EDADA3FAE /* Pods_ClickPay.framework */ = {isa = PBXFileReference; explicitFileType = wrapper.framework; includeInIndex = 0; path = Pods_ClickPay.framework; sourceTree = BUILT_PRODUCTS_DIR; };
/* End PBXFileReference section */

/* Begin PBXFrameworksBuildPhase section */
		8D91B1DC21D368C400CAC478 /* Frameworks */ = {
			isa = PBXFrameworksBuildPhase;
			buildActionMask = 2147483647;
			files = (
				30070D390258DE76D7C2CA9B /* Pods_ClickPay.framework in Frameworks */,
			);
			runOnlyForDeploymentPostprocessing = 0;
		};
/* End PBXFrameworksBuildPhase section */

/* Begin PBXGroup section */
		5188D995C17BB54E1F1B0861 /* Frameworks */ = {
			isa = PBXGroup;
			children = (
				93E2E529ED7B1A4EDADA3FAE /* Pods_ClickPay.framework */,
			);
			name = Frameworks;
			sourceTree = "<group>";
		};
		56D5922BD5AD62A4385C29A3 /* Pods */ = {
			isa = PBXGroup;
			children = (
				7C56882969EF93850153F05A /* Pods-ClickPay.debug.xcconfig */,
				24587ABFDD384D50ADD8BB7D /* Pods-ClickPay.release.xcconfig */,
			);
			name = Pods;
			sourceTree = "<group>";
		};
		8D13BCFA21F07AA70078EB66 /* Base */ = {
			isa = PBXGroup;
			children = (
				8D13BCFB21F07AE30078EB66 /* Auth.swift */,
				8D13BCFD21F07B190078EB66 /* BaseController.swift */,
				8D3CC7C1222C634600DD2DCB /* FormController.swift */,
			);
			path = Base;
			sourceTree = "<group>";
		};
		8D13BD0521F0E32E0078EB66 /* Messages */ = {
			isa = PBXGroup;
			children = (
				8D13BD0621F0E33F0078EB66 /* View */,
				8D13BD0721F0E3610078EB66 /* MessagesController.swift */,
				8D13BD0821F0E3610078EB66 /* MessagesController.xib */,
			);
			path = Messages;
			sourceTree = "<group>";
		};
		8D13BD0621F0E33F0078EB66 /* View */ = {
			isa = PBXGroup;
			children = (
			);
			path = View;
			sourceTree = "<group>";
		};
		8D13BD0B21F0F18A0078EB66 /* About */ = {
			isa = PBXGroup;
			children = (
				8DA83143221141800016BB0F /* View */,
				8D13BD0C21F0F1B60078EB66 /* AboutController.swift */,
				8D13BD0D21F0F1B60078EB66 /* AboutController.xib */,
			);
			path = About;
			sourceTree = "<group>";
		};
		8D13BD1021F1BEF50078EB66 /* Cards */ = {
			isa = PBXGroup;
			children = (
				8D13BD1121F1BF3A0078EB66 /* CardsController.swift */,
				8D13BD1221F1BF3A0078EB66 /* CardsController.xib */,
			);
			path = Cards;
			sourceTree = "<group>";
		};
		8D13BD1521F1C0530078EB66 /* Security */ = {
			isa = PBXGroup;
			children = (
				8D13BD1621F1C0820078EB66 /* SecurityController.swift */,
				8D13BD1721F1C0820078EB66 /* SecurityController.xib */,
			);
			path = Security;
			sourceTree = "<group>";
		};
		8D13BD1A21F1C19A0078EB66 /* Contact */ = {
			isa = PBXGroup;
			children = (
				8D13BD1B21F1C1C30078EB66 /* ContactController.swift */,
				8D13BD1C21F1C1C30078EB66 /* ContactController.xib */,
			);
			path = Contact;
			sourceTree = "<group>";
		};
		8D13BD1F21F1E6B20078EB66 /* Settings */ = {
			isa = PBXGroup;
			children = (
				8D13BD2021F1E6D40078EB66 /* SettingsController.swift */,
				8D13BD2121F1E6D40078EB66 /* SettingsController.xib */,
			);
			path = Settings;
			sourceTree = "<group>";
		};
		8D61659721D6A60B00101F22 /* Extensions */ = {
			isa = PBXGroup;
			children = (
				8D61659821D6A64B00101F22 /* UIView+Corners.swift */,
				8D87B40821DB871700F2FCFD /* UITextField+Icon.swift */,
				8D6E32F021DCA6F200D5CFC7 /* UIViewController+SSL.swift */,
				8D8B2DE221DFCF0B007B6F13 /* String+Localized.swift */,
				8DAE8DDC21E1134000091421 /* String+Format.swift */,
				8D0325D621E4F175001B6979 /* UIColor+AppColors.swift */,
				8D0325D821E5118F001B6979 /* UIViewController+PopUps.swift */,
				8D7772B621E5BF2C00032FE9 /* UIImageView+Rounded.swift */,
				8D8D51B021ECBAEB009EF6F3 /* UITextField+Placeholder.swift */,
				8D419A8921EF5910007FC3CD /* UIViewController+NabBar.swift */,
				8D426E4C220DBB2900039FAA /* UINavigationBar+Gradient.swift */,
				8D3CC7BF222C58DD00DD2DCB /* UIViewController+KeyBoard.swift */,
			);
			path = Extensions;
			sourceTree = "<group>";
		};
		8D6E32EF21DCA05400D5CFC7 /* API */ = {
			isa = PBXGroup;
			children = (
				8DEE6D5821F838670039B1B0 /* Operations */,
				8DEE6D5621F838590039B1B0 /* Soap.swift */,
				8DEE6D6621F863150039B1B0 /* Request.swift */,
				8DEE6D5C21F839CB0039B1B0 /* Response.swift */,
				8DEE6D6821F8686B0039B1B0 /* SoapManager.swift */,
			);
			path = API;
			sourceTree = "<group>";
		};
		8D6E32F421DD3F7C00D5CFC7 /* Utils */ = {
			isa = PBXGroup;
			children = (
				8D6E32F521DD3FFD00D5CFC7 /* Parsing.swift */,
				8D6E32F721DD401A00D5CFC7 /* GetIp.swift */,
				8D419A8B21EF617C007FC3CD /* UserNitificationsView.swift */,
				8DCF58792210A37C00ADF218 /* GradientView.swift */,
			);
			path = Utils;
			sourceTree = "<group>";
		};
		8D7164F82204755C0052A710 /* PopupController */ = {
			isa = PBXGroup;
			children = (
				8D7164FD220486D60052A710 /* View */,
				8D7164F9220475B90052A710 /* PopupController.swift */,
				8D7164FA220475B90052A710 /* PopupController.xib */,
			);
			path = PopupController;
			sourceTree = "<group>";
		};
		8D7164FD220486D60052A710 /* View */ = {
			isa = PBXGroup;
			children = (
				8D7164FE2204AC8C0052A710 /* PopupButton.swift */,
			);
			path = View;
			sourceTree = "<group>";
		};
		8D87B3F121D78F6000F2FCFD /* View */ = {
			isa = PBXGroup;
			children = (
				8DE84C9021D5542300E4B18E /* TabBar.swift */,
			);
			path = View;
			sourceTree = "<group>";
		};
		8D87B3F221D797C100F2FCFD /* Transfer */ = {
			isa = PBXGroup;
			children = (
				8D87B3F721D7983700F2FCFD /* View */,
				8D87B3F321D7982F00F2FCFD /* TransferController.swift */,
				8DEE6D6021F8524D0039B1B0 /* TransferRouter.swift */,
				8DEE6D6221F8526F0039B1B0 /* TransferPresenter.swift */,
				8DEE6D6421F852AB0039B1B0 /* TransferInteractor.swift */,
				8D87B3F421D7982F00F2FCFD /* TransferController.xib */,
			);
			path = Transfer;
			sourceTree = "<group>";
		};
		8D87B3F721D7983700F2FCFD /* View */ = {
			isa = PBXGroup;
			children = (
				8D8B2DE421DFD28A007B6F13 /* HandleRequest.swift */,
			);
			path = View;
			sourceTree = "<group>";
		};
		8D87B3FE21D79DAF00F2FCFD /* YourCabinet */ = {
			isa = PBXGroup;
			children = (
				8D8B2DDD21DFB41E007B6F13 /* View */,
				8D91B1E621D368C400CAC478 /* YourCabinetController.swift */,
				8D8B2DDE21DFBE0A007B6F13 /* YourCabinetRouter.swift */,
				8D8B2DE021DFBE2C007B6F13 /* YourCabinetPresenter.swift */,
			);
			path = YourCabinet;
			sourceTree = "<group>";
		};
		8D87B40021DB7A7600F2FCFD /* Login */ = {
			isa = PBXGroup;
			children = (
				8D87B40121DB7A8200F2FCFD /* View */,
				8D87B40221DB7AAB00F2FCFD /* LoginController.swift */,
				8D87B41221DBB2C800F2FCFD /* LoginRouter.swift */,
				8D87B41421DBB2F200F2FCFD /* LoginPresenter.swift */,
				8D87B40321DB7AAB00F2FCFD /* LoginController.xib */,
			);
			path = Login;
			sourceTree = "<group>";
		};
		8D87B40121DB7A8200F2FCFD /* View */ = {
			isa = PBXGroup;
			children = (
				8D48C34A21ED8FFB00D0E097 /* LoginTextFields.swift */,
				8D48C34C21EDD03D00D0E097 /* FormButton.swift */,
			);
			path = View;
			sourceTree = "<group>";
		};
		8D87B40A21DBAF3600F2FCFD /* Register */ = {
			isa = PBXGroup;
			children = (
				8D87B40B21DBAF4100F2FCFD /* View */,
				8D87B40C21DBAF6200F2FCFD /* RegisterController.swift */,
				8D9C7D6921E7E25600B42B92 /* RegisterRouter.swift */,
				8D9C7D6B21E7E27300B42B92 /* RegisterPresenter.swift */,
				8D87B40D21DBAF6200F2FCFD /* RegisterController.xib */,
			);
			path = Register;
			sourceTree = "<group>";
		};
		8D87B40B21DBAF4100F2FCFD /* View */ = {
			isa = PBXGroup;
			children = (
				8D2D7ED521EBBCA200B5E34A /* RegisterField.swift */,
				8D48C34E21EE098E00D0E097 /* RegisterFieldsLogic.swift */,
				8D48C35221EE487F00D0E097 /* CapchaLabel.swift */,
			);
			path = View;
			sourceTree = "<group>";
		};
		8D8B2DDD21DFB41E007B6F13 /* View */ = {
			isa = PBXGroup;
			children = (
				8D87B41621DBCAE800F2FCFD /* GradientViewController.swift */,
				8D13BCFF21F095330078EB66 /* EditFieldsLogic.swift */,
			);
			path = View;
			sourceTree = "<group>";
		};
		8D91B1D621D368C400CAC478 = {
			isa = PBXGroup;
			children = (
				8D91B1E121D368C400CAC478 /* ClickPay */,
				8D91B1E021D368C400CAC478 /* Products */,
				56D5922BD5AD62A4385C29A3 /* Pods */,
				5188D995C17BB54E1F1B0861 /* Frameworks */,
			);
			sourceTree = "<group>";
		};
		8D91B1E021D368C400CAC478 /* Products */ = {
			isa = PBXGroup;
			children = (
				8D91B1DF21D368C400CAC478 /* ClickPay.app */,
			);
			name = Products;
			sourceTree = "<group>";
		};
		8D91B1E121D368C400CAC478 /* ClickPay */ = {
			isa = PBXGroup;
			children = (
				8D13BD0521F0E32E0078EB66 /* Messages */,
				8D92F3EF21E9EA9B00360E22 /* Menu */,
				8D87B40A21DBAF3600F2FCFD /* Register */,
				8D87B40021DB7A7600F2FCFD /* Login */,
				8DE84C8D21D534F800E4B18E /* Tabs */,
				8DE84C7B21D4F11000E4B18E /* Main */,
				8D87B3F221D797C100F2FCFD /* Transfer */,
				8D87B3FE21D79DAF00F2FCFD /* YourCabinet */,
				8D9C7D5921E65E4200B42B92 /* History */,
				8D13BD0B21F0F18A0078EB66 /* About */,
				8D13BD1021F1BEF50078EB66 /* Cards */,
				8D13BD1521F1C0530078EB66 /* Security */,
				8D13BD1A21F1C19A0078EB66 /* Contact */,
				8D13BD1F21F1E6B20078EB66 /* Settings */,
				8D61659721D6A60B00101F22 /* Extensions */,
				8D6E32F421DD3F7C00D5CFC7 /* Utils */,
				8D7164F82204755C0052A710 /* PopupController */,
				8D13BCFA21F07AA70078EB66 /* Base */,
				8D6E32EF21DCA05400D5CFC7 /* API */,
				8D61659521D68B9400101F22 /* Constants.swift */,
				8D91B1E221D368C400CAC478 /* AppDelegate.swift */,
				8D91B1E821D368C400CAC478 /* Main.storyboard */,
				8D91B1EB21D368C700CAC478 /* Assets.xcassets */,
				8D91B1ED21D368C700CAC478 /* LaunchScreen.storyboard */,
				8D91B1F021D368C700CAC478 /* Info.plist */,
				8DE84C8421D52AC000E4B18E /* Localizable.strings */,
			);
			path = ClickPay;
			sourceTree = "<group>";
		};
		8D92F3EF21E9EA9B00360E22 /* Menu */ = {
			isa = PBXGroup;
			children = (
				8D92F3F021E9EB1700360E22 /* View */,
				8D92F3F121E9EB3E00360E22 /* MenuController.swift */,
				8D13BD0121F0D65B0078EB66 /* MenuRouter.swift */,
				8D13BD0321F0DB540078EB66 /* MenuPresenter.swift */,
				8D92F3F221E9EB3E00360E22 /* MenuController.xib */,
			);
			path = Menu;
			sourceTree = "<group>";
		};
		8D92F3F021E9EB1700360E22 /* View */ = {
			isa = PBXGroup;
			children = (
				8D3E281721EB84E2007C7144 /* MenuViewCell.swift */,
				8D3E281821EB84E2007C7144 /* MenuViewCell.xib */,
			);
			path = View;
			sourceTree = "<group>";
		};
		8D9C7D5921E65E4200B42B92 /* History */ = {
			isa = PBXGroup;
			children = (
				8D9C7D5A21E661A000B42B92 /* View */,
				8D9C7D5B21E661DD00B42B92 /* HistoryController.swift */,
			);
			path = History;
			sourceTree = "<group>";
		};
		8D9C7D5A21E661A000B42B92 /* View */ = {
			isa = PBXGroup;
			children = (
				8D9C7D5D21E665C600B42B92 /* HistoryCell.swift */,
				8D9C7D5E21E665C600B42B92 /* HistoryCell.xib */,
				8D9C7D6121E6669300B42B92 /* HistoryHeader.swift */,
				8D9C7D6221E6669300B42B92 /* HistoryHeader.xib */,
			);
			path = View;
			sourceTree = "<group>";
		};
		8DA83143221141800016BB0F /* View */ = {
			isa = PBXGroup;
			children = (
				8DA83144221141AE0016BB0F /* VideoCell.swift */,
				8DA83145221141AE0016BB0F /* VideoCell.xib */,
			);
			path = View;
			sourceTree = "<group>";
		};
		8DE84C7B21D4F11000E4B18E /* Main */ = {
			isa = PBXGroup;
			children = (
				8DE84C7C21D4F13300E4B18E /* View */,
				8D91B1E421D368C400CAC478 /* MainController.swift */,
				8D87B3FC21D79B2000F2FCFD /* MainRouter.swift */,
				8D87B3F821D799E500F2FCFD /* MainPresenter.swift */,
				8D87B3FA21D79AA200F2FCFD /* MainInteractor.swift */,
			);
			path = Main;
			sourceTree = "<group>";
		};
		8DE84C7C21D4F13300E4B18E /* View */ = {
			isa = PBXGroup;
			children = (
				8D61659C21D6B35F00101F22 /* MakeTransferCell.swift */,
				8D61659A21D6A6AD00101F22 /* CardView.swift */,
			);
			path = View;
			sourceTree = "<group>";
		};
		8DE84C8D21D534F800E4B18E /* Tabs */ = {
			isa = PBXGroup;
			children = (
				8D87B3F121D78F6000F2FCFD /* View */,
				8DE84C8E21D5355D00E4B18E /* TabBarController.swift */,
				8D9C7D6721E7AF2200B42B92 /* TabBarRouter.swift */,
				8D9C7D6521E7AF0400B42B92 /* TabBarPresenter.swift */,
			);
			path = Tabs;
			sourceTree = "<group>";
		};
		8DEE6D5821F838670039B1B0 /* Operations */ = {
			isa = PBXGroup;
			children = (
				8DEE6D5A21F8390A0039B1B0 /* RootResponseModel.swift */,
				8DEE6D5921F838750039B1B0 /* Htmls */,
			);
			path = Operations;
			sourceTree = "<group>";
		};
		8DEE6D5921F838750039B1B0 /* Htmls */ = {
			isa = PBXGroup;
			children = (
				8DEE6D5E21F83B240039B1B0 /* Forms.swift */,
			);
			path = Htmls;
			sourceTree = "<group>";
		};
/* End PBXGroup section */

/* Begin PBXNativeTarget section */
		8D91B1DE21D368C400CAC478 /* ClickPay */ = {
			isa = PBXNativeTarget;
			buildConfigurationList = 8D91B1F321D368C700CAC478 /* Build configuration list for PBXNativeTarget "ClickPay" */;
			buildPhases = (
				6889DD4F537AA582B1C4787C /* [CP] Check Pods Manifest.lock */,
				8D91B1DB21D368C400CAC478 /* Sources */,
				8D91B1DC21D368C400CAC478 /* Frameworks */,
				8D91B1DD21D368C400CAC478 /* Resources */,
				57BE8BB018C436B1BFDEF19D /* [CP] Embed Pods Frameworks */,
			);
			buildRules = (
			);
			dependencies = (
			);
			name = ClickPay;
			productName = ClickPay;
			productReference = 8D91B1DF21D368C400CAC478 /* ClickPay.app */;
			productType = "com.apple.product-type.application";
		};
/* End PBXNativeTarget section */

/* Begin PBXProject section */
		8D91B1D721D368C400CAC478 /* Project object */ = {
			isa = PBXProject;
			attributes = {
				LastSwiftUpdateCheck = 1010;
				LastUpgradeCheck = 1010;
				ORGANIZATIONNAME = "Yulia Moskaleva";
				TargetAttributes = {
					8D91B1DE21D368C400CAC478 = {
						CreatedOnToolsVersion = 10.1;
					};
				};
			};
			buildConfigurationList = 8D91B1DA21D368C400CAC478 /* Build configuration list for PBXProject "ClickPay" */;
			compatibilityVersion = "Xcode 9.3";
			developmentRegion = en;
			hasScannedForEncodings = 0;
			knownRegions = (
				en,
				Base,
				ru,
				ro,
			);
			mainGroup = 8D91B1D621D368C400CAC478;
			productRefGroup = 8D91B1E021D368C400CAC478 /* Products */;
			projectDirPath = "";
			projectRoot = "";
			targets = (
				8D91B1DE21D368C400CAC478 /* ClickPay */,
			);
		};
/* End PBXProject section */

/* Begin PBXResourcesBuildPhase section */
		8D91B1DD21D368C400CAC478 /* Resources */ = {
			isa = PBXResourcesBuildPhase;
			buildActionMask = 2147483647;
			files = (
				8D91B1EF21D368C700CAC478 /* LaunchScreen.storyboard in Resources */,
				8D87B40521DB7AAB00F2FCFD /* LoginController.xib in Resources */,
				8D9C7D6021E665C600B42B92 /* HistoryCell.xib in Resources */,
				8D13BD1421F1BF3A0078EB66 /* CardsController.xib in Resources */,
				8D13BD1921F1C0820078EB66 /* SecurityController.xib in Resources */,
				8DE84C8221D52AC000E4B18E /* Localizable.strings in Resources */,
				8D13BD1E21F1C1C30078EB66 /* ContactController.xib in Resources */,
				8D87B3F621D7982F00F2FCFD /* TransferController.xib in Resources */,
				8D91B1EC21D368C700CAC478 /* Assets.xcassets in Resources */,
				8D92F3F421E9EB3E00360E22 /* MenuController.xib in Resources */,
				8D13BD0A21F0E3610078EB66 /* MessagesController.xib in Resources */,
				8D13BD2321F1E6D40078EB66 /* SettingsController.xib in Resources */,
				8D7164FC220475B90052A710 /* PopupController.xib in Resources */,
				8D87B40F21DBAF6200F2FCFD /* RegisterController.xib in Resources */,
				8D13BD0F21F0F1B60078EB66 /* AboutController.xib in Resources */,
				8DA83147221141AE0016BB0F /* VideoCell.xib in Resources */,
				8D91B1EA21D368C400CAC478 /* Main.storyboard in Resources */,
				8D9C7D6421E6669300B42B92 /* HistoryHeader.xib in Resources */,
				8D3E281A21EB84E2007C7144 /* MenuViewCell.xib in Resources */,
			);
			runOnlyForDeploymentPostprocessing = 0;
		};
/* End PBXResourcesBuildPhase section */

/* Begin PBXShellScriptBuildPhase section */
		57BE8BB018C436B1BFDEF19D /* [CP] Embed Pods Frameworks */ = {
			isa = PBXShellScriptBuildPhase;
			buildActionMask = 2147483647;
			files = (
			);
			inputFileListPaths = (
			);
			inputPaths = (
				"${SRCROOT}/Pods/Target Support Files/Pods-ClickPay/Pods-ClickPay-frameworks.sh",
				"${BUILT_PRODUCTS_DIR}/AEXML/AEXML.framework",
				"${BUILT_PRODUCTS_DIR}/XMLParsing/XMLParsing.framework",
			);
			name = "[CP] Embed Pods Frameworks";
			outputFileListPaths = (
			);
			outputPaths = (
				"${TARGET_BUILD_DIR}/${FRAMEWORKS_FOLDER_PATH}/AEXML.framework",
				"${TARGET_BUILD_DIR}/${FRAMEWORKS_FOLDER_PATH}/XMLParsing.framework",
			);
			runOnlyForDeploymentPostprocessing = 0;
			shellPath = /bin/sh;
			shellScript = "\"${SRCROOT}/Pods/Target Support Files/Pods-ClickPay/Pods-ClickPay-frameworks.sh\"\n";
			showEnvVarsInLog = 0;
		};
		6889DD4F537AA582B1C4787C /* [CP] Check Pods Manifest.lock */ = {
			isa = PBXShellScriptBuildPhase;
			buildActionMask = 2147483647;
			files = (
			);
			inputFileListPaths = (
			);
			inputPaths = (
				"${PODS_PODFILE_DIR_PATH}/Podfile.lock",
				"${PODS_ROOT}/Manifest.lock",
			);
			name = "[CP] Check Pods Manifest.lock";
			outputFileListPaths = (
			);
			outputPaths = (
				"$(DERIVED_FILE_DIR)/Pods-ClickPay-checkManifestLockResult.txt",
			);
			runOnlyForDeploymentPostprocessing = 0;
			shellPath = /bin/sh;
			shellScript = "diff \"${PODS_PODFILE_DIR_PATH}/Podfile.lock\" \"${PODS_ROOT}/Manifest.lock\" > /dev/null\nif [ $? != 0 ] ; then\n    # print error to STDERR\n    echo \"error: The sandbox is not in sync with the Podfile.lock. Run 'pod install' or update your CocoaPods installation.\" >&2\n    exit 1\nfi\n# This output is used by Xcode 'outputs' to avoid re-running this script phase.\necho \"SUCCESS\" > \"${SCRIPT_OUTPUT_FILE_0}\"\n";
			showEnvVarsInLog = 0;
		};
/* End PBXShellScriptBuildPhase section */

/* Begin PBXSourcesBuildPhase section */
		8D91B1DB21D368C400CAC478 /* Sources */ = {
			isa = PBXSourcesBuildPhase;
			buildActionMask = 2147483647;
			files = (
				8D7164FB220475B90052A710 /* PopupController.swift in Sources */,
				8D87B40E21DBAF6200F2FCFD /* RegisterController.swift in Sources */,
				8D91B1E721D368C400CAC478 /* YourCabinetController.swift in Sources */,
				8D6E32F121DCA6F200D5CFC7 /* UIViewController+SSL.swift in Sources */,
				8D0325D921E5118F001B6979 /* UIViewController+PopUps.swift in Sources */,
				8D3CC7C0222C58DD00DD2DCB /* UIViewController+KeyBoard.swift in Sources */,
				8DEE6D6521F852AB0039B1B0 /* TransferInteractor.swift in Sources */,
				8D3CC7C2222C634600DD2DCB /* FormController.swift in Sources */,
				8D87B3F921D799E500F2FCFD /* MainPresenter.swift in Sources */,
				8DE84C8F21D5355D00E4B18E /* TabBarController.swift in Sources */,
				8D87B41521DBB2F200F2FCFD /* LoginPresenter.swift in Sources */,
				8D87B41321DBB2C800F2FCFD /* LoginRouter.swift in Sources */,
				8D9C7D5C21E661DD00B42B92 /* HistoryController.swift in Sources */,
				8D13BCFE21F07B190078EB66 /* BaseController.swift in Sources */,
				8D0325D721E4F175001B6979 /* UIColor+AppColors.swift in Sources */,
				8D13BD0421F0DB540078EB66 /* MenuPresenter.swift in Sources */,
				8D61659D21D6B35F00101F22 /* MakeTransferCell.swift in Sources */,
				8D9C7D6C21E7E27300B42B92 /* RegisterPresenter.swift in Sources */,
				8D13BD2221F1E6D40078EB66 /* SettingsController.swift in Sources */,
				8D48C34B21ED8FFB00D0E097 /* LoginTextFields.swift in Sources */,
				8D87B3FD21D79B2000F2FCFD /* MainRouter.swift in Sources */,
				8D9C7D6A21E7E25600B42B92 /* RegisterRouter.swift in Sources */,
				8DEE6D5B21F8390A0039B1B0 /* RootResponseModel.swift in Sources */,
				8D13BD0E21F0F1B60078EB66 /* AboutController.swift in Sources */,
				8D2D7ED621EBBCA200B5E34A /* RegisterField.swift in Sources */,
				8D426E4D220DBB2900039FAA /* UINavigationBar+Gradient.swift in Sources */,
				8D7772B721E5BF2C00032FE9 /* UIImageView+Rounded.swift in Sources */,
				8D9C7D6321E6669300B42B92 /* HistoryHeader.swift in Sources */,
				8D419A8A21EF5910007FC3CD /* UIViewController+NabBar.swift in Sources */,
				8D13BD0221F0D65B0078EB66 /* MenuRouter.swift in Sources */,
				8D8D51B121ECBAEB009EF6F3 /* UITextField+Placeholder.swift in Sources */,
				8D13BD0021F095330078EB66 /* EditFieldsLogic.swift in Sources */,
				8DEE6D5721F838590039B1B0 /* Soap.swift in Sources */,
				8D13BD0921F0E3610078EB66 /* MessagesController.swift in Sources */,
				8D13BD1D21F1C1C30078EB66 /* ContactController.swift in Sources */,
				8D61659921D6A64B00101F22 /* UIView+Corners.swift in Sources */,
				8D48C34F21EE098E00D0E097 /* RegisterFieldsLogic.swift in Sources */,
				8D48C34D21EDD03D00D0E097 /* FormButton.swift in Sources */,
				8DEE6D5D21F839CB0039B1B0 /* Response.swift in Sources */,
				8D13BCFC21F07AE30078EB66 /* Auth.swift in Sources */,
				8DEE6D5F21F83B240039B1B0 /* Forms.swift in Sources */,
				8DEE6D6721F863150039B1B0 /* Request.swift in Sources */,
				8D48C35321EE487F00D0E097 /* CapchaLabel.swift in Sources */,
				8D9C7D6621E7AF0400B42B92 /* TabBarPresenter.swift in Sources */,
				8D91B1E321D368C400CAC478 /* AppDelegate.swift in Sources */,
				8D13BD1821F1C0820078EB66 /* SecurityController.swift in Sources */,
				8D91B1E521D368C400CAC478 /* MainController.swift in Sources */,
				8D13BD1321F1BF3A0078EB66 /* CardsController.swift in Sources */,
				8D9C7D6821E7AF2200B42B92 /* TabBarRouter.swift in Sources */,
				8D3E281921EB84E2007C7144 /* MenuViewCell.swift in Sources */,
				8DE84C9121D5542300E4B18E /* TabBar.swift in Sources */,
				8D87B41721DBCAE800F2FCFD /* GradientViewController.swift in Sources */,
				8D61659B21D6A6AD00101F22 /* CardView.swift in Sources */,
				8DCF587A2210A37C00ADF218 /* GradientView.swift in Sources */,
				8DEE6D6321F8526F0039B1B0 /* TransferPresenter.swift in Sources */,
				8D8B2DE521DFD28A007B6F13 /* HandleRequest.swift in Sources */,
				8D419A8C21EF617C007FC3CD /* UserNitificationsView.swift in Sources */,
				8D8B2DE121DFBE2C007B6F13 /* YourCabinetPresenter.swift in Sources */,
				8D9C7D5F21E665C600B42B92 /* HistoryCell.swift in Sources */,
				8D8B2DDF21DFBE0A007B6F13 /* YourCabinetRouter.swift in Sources */,
				8D7164FF2204AC8C0052A710 /* PopupButton.swift in Sources */,
				8D8B2DE321DFCF0B007B6F13 /* String+Localized.swift in Sources */,
				8DEE6D6921F8686B0039B1B0 /* SoapManager.swift in Sources */,
				8D6E32F821DD401A00D5CFC7 /* GetIp.swift in Sources */,
				8D87B3FB21D79AA200F2FCFD /* MainInteractor.swift in Sources */,
				8DAE8DDD21E1134000091421 /* String+Format.swift in Sources */,
				8D87B3F521D7982F00F2FCFD /* TransferController.swift in Sources */,
				8DA83146221141AE0016BB0F /* VideoCell.swift in Sources */,
				8D87B40921DB871700F2FCFD /* UITextField+Icon.swift in Sources */,
				8D6E32F621DD3FFD00D5CFC7 /* Parsing.swift in Sources */,
				8D61659621D68B9400101F22 /* Constants.swift in Sources */,
				8D92F3F321E9EB3E00360E22 /* MenuController.swift in Sources */,
				8D87B40421DB7AAB00F2FCFD /* LoginController.swift in Sources */,
				8DEE6D6121F8524D0039B1B0 /* TransferRouter.swift in Sources */,
			);
			runOnlyForDeploymentPostprocessing = 0;
		};
/* End PBXSourcesBuildPhase section */

/* Begin PBXVariantGroup section */
		8D91B1E821D368C400CAC478 /* Main.storyboard */ = {
			isa = PBXVariantGroup;
			children = (
				8D91B1E921D368C400CAC478 /* Base */,
				8DE84C8621D5304100E4B18E /* ru */,
				8DE84C8821D5305600E4B18E /* ro */,
			);
			name = Main.storyboard;
			sourceTree = "<group>";
		};
		8D91B1ED21D368C700CAC478 /* LaunchScreen.storyboard */ = {
			isa = PBXVariantGroup;
			children = (
				8D91B1EE21D368C700CAC478 /* Base */,
				8DE84C8721D5304100E4B18E /* ru */,
				8DE84C8921D5305600E4B18E /* ro */,
			);
			name = LaunchScreen.storyboard;
			sourceTree = "<group>";
		};
		8DE84C8421D52AC000E4B18E /* Localizable.strings */ = {
			isa = PBXVariantGroup;
			children = (
				8DE84C8321D52AC000E4B18E /* en */,
				8DE84C8521D5304100E4B18E /* ru */,
				8DE84C8A21D5305600E4B18E /* ro */,
			);
			name = Localizable.strings;
			sourceTree = "<group>";
		};
/* End PBXVariantGroup section */

/* Begin XCBuildConfiguration section */
		8D91B1F121D368C700CAC478 /* Debug */ = {
			isa = XCBuildConfiguration;
			buildSettings = {
				ALWAYS_SEARCH_USER_PATHS = NO;
				CLANG_ANALYZER_LOCALIZABILITY_NONLOCALIZED = YES;
				CLANG_ANALYZER_NONNULL = YES;
				CLANG_ANALYZER_NUMBER_OBJECT_CONVERSION = YES_AGGRESSIVE;
				CLANG_CXX_LANGUAGE_STANDARD = "gnu++14";
				CLANG_CXX_LIBRARY = "libc++";
				CLANG_ENABLE_MODULES = YES;
				CLANG_ENABLE_OBJC_ARC = YES;
				CLANG_ENABLE_OBJC_WEAK = YES;
				CLANG_WARN_BLOCK_CAPTURE_AUTORELEASING = YES;
				CLANG_WARN_BOOL_CONVERSION = YES;
				CLANG_WARN_COMMA = YES;
				CLANG_WARN_CONSTANT_CONVERSION = YES;
				CLANG_WARN_DEPRECATED_OBJC_IMPLEMENTATIONS = YES;
				CLANG_WARN_DIRECT_OBJC_ISA_USAGE = YES_ERROR;
				CLANG_WARN_DOCUMENTATION_COMMENTS = YES;
				CLANG_WARN_EMPTY_BODY = YES;
				CLANG_WARN_ENUM_CONVERSION = YES;
				CLANG_WARN_INFINITE_RECURSION = YES;
				CLANG_WARN_INT_CONVERSION = YES;
				CLANG_WARN_NON_LITERAL_NULL_CONVERSION = YES;
				CLANG_WARN_OBJC_IMPLICIT_RETAIN_SELF = YES;
				CLANG_WARN_OBJC_LITERAL_CONVERSION = YES;
				CLANG_WARN_OBJC_ROOT_CLASS = YES_ERROR;
				CLANG_WARN_RANGE_LOOP_ANALYSIS = YES;
				CLANG_WARN_STRICT_PROTOTYPES = YES;
				CLANG_WARN_SUSPICIOUS_MOVE = YES;
				CLANG_WARN_UNGUARDED_AVAILABILITY = YES_AGGRESSIVE;
				CLANG_WARN_UNREACHABLE_CODE = YES;
				CLANG_WARN__DUPLICATE_METHOD_MATCH = YES;
				CODE_SIGN_IDENTITY = "iPhone Developer";
				COPY_PHASE_STRIP = NO;
				DEBUG_INFORMATION_FORMAT = dwarf;
				ENABLE_STRICT_OBJC_MSGSEND = YES;
				ENABLE_TESTABILITY = YES;
				GCC_C_LANGUAGE_STANDARD = gnu11;
				GCC_DYNAMIC_NO_PIC = NO;
				GCC_NO_COMMON_BLOCKS = YES;
				GCC_OPTIMIZATION_LEVEL = 0;
				GCC_PREPROCESSOR_DEFINITIONS = (
					"DEBUG=1",
					"$(inherited)",
				);
				GCC_WARN_64_TO_32_BIT_CONVERSION = YES;
				GCC_WARN_ABOUT_RETURN_TYPE = YES_ERROR;
				GCC_WARN_UNDECLARED_SELECTOR = YES;
				GCC_WARN_UNINITIALIZED_AUTOS = YES_AGGRESSIVE;
				GCC_WARN_UNUSED_FUNCTION = YES;
				GCC_WARN_UNUSED_VARIABLE = YES;
				IPHONEOS_DEPLOYMENT_TARGET = 10.3;
				MTL_ENABLE_DEBUG_INFO = INCLUDE_SOURCE;
				MTL_FAST_MATH = YES;
				ONLY_ACTIVE_ARCH = YES;
				SDKROOT = iphoneos;
				SWIFT_ACTIVE_COMPILATION_CONDITIONS = DEBUG;
				SWIFT_OPTIMIZATION_LEVEL = "-Onone";
			};
			name = Debug;
		};
		8D91B1F221D368C700CAC478 /* Release */ = {
			isa = XCBuildConfiguration;
			buildSettings = {
				ALWAYS_SEARCH_USER_PATHS = NO;
				CLANG_ANALYZER_LOCALIZABILITY_NONLOCALIZED = YES;
				CLANG_ANALYZER_NONNULL = YES;
				CLANG_ANALYZER_NUMBER_OBJECT_CONVERSION = YES_AGGRESSIVE;
				CLANG_CXX_LANGUAGE_STANDARD = "gnu++14";
				CLANG_CXX_LIBRARY = "libc++";
				CLANG_ENABLE_MODULES = YES;
				CLANG_ENABLE_OBJC_ARC = YES;
				CLANG_ENABLE_OBJC_WEAK = YES;
				CLANG_WARN_BLOCK_CAPTURE_AUTORELEASING = YES;
				CLANG_WARN_BOOL_CONVERSION = YES;
				CLANG_WARN_COMMA = YES;
				CLANG_WARN_CONSTANT_CONVERSION = YES;
				CLANG_WARN_DEPRECATED_OBJC_IMPLEMENTATIONS = YES;
				CLANG_WARN_DIRECT_OBJC_ISA_USAGE = YES_ERROR;
				CLANG_WARN_DOCUMENTATION_COMMENTS = YES;
				CLANG_WARN_EMPTY_BODY = YES;
				CLANG_WARN_ENUM_CONVERSION = YES;
				CLANG_WARN_INFINITE_RECURSION = YES;
				CLANG_WARN_INT_CONVERSION = YES;
				CLANG_WARN_NON_LITERAL_NULL_CONVERSION = YES;
				CLANG_WARN_OBJC_IMPLICIT_RETAIN_SELF = YES;
				CLANG_WARN_OBJC_LITERAL_CONVERSION = YES;
				CLANG_WARN_OBJC_ROOT_CLASS = YES_ERROR;
				CLANG_WARN_RANGE_LOOP_ANALYSIS = YES;
				CLANG_WARN_STRICT_PROTOTYPES = YES;
				CLANG_WARN_SUSPICIOUS_MOVE = YES;
				CLANG_WARN_UNGUARDED_AVAILABILITY = YES_AGGRESSIVE;
				CLANG_WARN_UNREACHABLE_CODE = YES;
				CLANG_WARN__DUPLICATE_METHOD_MATCH = YES;
				CODE_SIGN_IDENTITY = "iPhone Developer";
				COPY_PHASE_STRIP = NO;
				DEBUG_INFORMATION_FORMAT = "dwarf-with-dsym";
				ENABLE_NS_ASSERTIONS = NO;
				ENABLE_STRICT_OBJC_MSGSEND = YES;
				GCC_C_LANGUAGE_STANDARD = gnu11;
				GCC_NO_COMMON_BLOCKS = YES;
				GCC_WARN_64_TO_32_BIT_CONVERSION = YES;
				GCC_WARN_ABOUT_RETURN_TYPE = YES_ERROR;
				GCC_WARN_UNDECLARED_SELECTOR = YES;
				GCC_WARN_UNINITIALIZED_AUTOS = YES_AGGRESSIVE;
				GCC_WARN_UNUSED_FUNCTION = YES;
				GCC_WARN_UNUSED_VARIABLE = YES;
				IPHONEOS_DEPLOYMENT_TARGET = 10.3;
				MTL_ENABLE_DEBUG_INFO = NO;
				MTL_FAST_MATH = YES;
				SDKROOT = iphoneos;
				SWIFT_COMPILATION_MODE = wholemodule;
				SWIFT_OPTIMIZATION_LEVEL = "-O";
				VALIDATE_PRODUCT = YES;
			};
			name = Release;
		};
		8D91B1F421D368C700CAC478 /* Debug */ = {
			isa = XCBuildConfiguration;
			baseConfigurationReference = 7C56882969EF93850153F05A /* Pods-ClickPay.debug.xcconfig */;
			buildSettings = {
				ASSETCATALOG_COMPILER_APPICON_NAME = AppIcon;
				CODE_SIGN_STYLE = Automatic;
				DEVELOPMENT_TEAM = 36VZRAV85P;
				INFOPLIST_FILE = ClickPay/Info.plist;
				IPHONEOS_DEPLOYMENT_TARGET = 10.3;
				LD_RUNPATH_SEARCH_PATHS = (
					"$(inherited)",
					"@executable_path/Frameworks",
				);
				PRODUCT_BUNDLE_IDENTIFIER = com.example.ClickPay;
				PRODUCT_NAME = "$(TARGET_NAME)";
				SWIFT_VERSION = 4.2;
				TARGETED_DEVICE_FAMILY = "1,2";
			};
			name = Debug;
		};
		8D91B1F521D368C700CAC478 /* Release */ = {
			isa = XCBuildConfiguration;
			baseConfigurationReference = 24587ABFDD384D50ADD8BB7D /* Pods-ClickPay.release.xcconfig */;
			buildSettings = {
				ASSETCATALOG_COMPILER_APPICON_NAME = AppIcon;
				CODE_SIGN_STYLE = Automatic;
				DEVELOPMENT_TEAM = 36VZRAV85P;
				INFOPLIST_FILE = ClickPay/Info.plist;
				IPHONEOS_DEPLOYMENT_TARGET = 10.3;
				LD_RUNPATH_SEARCH_PATHS = (
					"$(inherited)",
					"@executable_path/Frameworks",
				);
				PRODUCT_BUNDLE_IDENTIFIER = com.example.ClickPay;
				PRODUCT_NAME = "$(TARGET_NAME)";
				SWIFT_VERSION = 4.2;
				TARGETED_DEVICE_FAMILY = "1,2";
			};
			name = Release;
		};
/* End XCBuildConfiguration section */

/* Begin XCConfigurationList section */
		8D91B1DA21D368C400CAC478 /* Build configuration list for PBXProject "ClickPay" */ = {
			isa = XCConfigurationList;
			buildConfigurations = (
				8D91B1F121D368C700CAC478 /* Debug */,
				8D91B1F221D368C700CAC478 /* Release */,
			);
			defaultConfigurationIsVisible = 0;
			defaultConfigurationName = Release;
		};
		8D91B1F321D368C700CAC478 /* Build configuration list for PBXNativeTarget "ClickPay" */ = {
			isa = XCConfigurationList;
			buildConfigurations = (
				8D91B1F421D368C700CAC478 /* Debug */,
				8D91B1F521D368C700CAC478 /* Release */,
			);
			defaultConfigurationIsVisible = 0;
			defaultConfigurationName = Release;
		};
/* End XCConfigurationList section */
	};
	rootObject = 8D91B1D721D368C400CAC478 /* Project object */;
}
